
Microsoft Visual Studio Solution File, Format Version 12.00
# Visual Studio Version 17
VisualStudioVersion = 17.10.34916.146
MinimumVisualStudioVersion = 10.0.40219.1
Project("{FAE04EC0-301F-11D3-BF4B-00C04F79EFBC}") = "HW_SP_1.4", "HW_SP_1.4.csproj", "{C26F2E4F-BDAF-47CB-A477-528EFE9FF3CE}"
EndProject
Global
	GlobalSection(SolutionConfigurationPlatforms) = preSolution
		Debug|Any CPU = Debug|Any CPU
		Release|Any CPU = Release|Any CPU
	EndGlobalSection
	GlobalSection(ProjectConfigurationPlatforms) = postSolution
		{C26F2E4F-BDAF-47CB-A477-528EFE9FF3CE}.Debug|Any CPU.ActiveCfg = Debug|Any CPU
		{C26F2E4F-BDAF-47CB-A477-528EFE9FF3CE}.Debug|Any CPU.Build.0 = Debug|Any CPU
		{C26F2E4F-BDAF-47CB-A477-528EFE9FF3CE}.Release|Any CPU.ActiveCfg = Release|Any CPU
		{C26F2E4F-BDAF-47CB-A477-528EFE9FF3CE}.Release|Any CPU.Build.0 = Release|Any CPU
	EndGlobalSection
	GlobalSection(SolutionProperties) = preSolution
		HideSolutionNode = FALSE
	EndGlobalSection
	GlobalSection(ExtensibilityGlobals) = postSolution
		SolutionGuid = {B29594F2-7A4D-4330-979A-4C0018D9090A}
	EndGlobalSection
EndGlobal
